
Microsoft Visual Studio Solution File, Format Version 12.00
# Visual Studio Version 17
VisualStudioVersion = 17.0.31903.59
MinimumVisualStudioVersion = 10.0.40219.1
Project("{2150E333-8FDC-42A3-9474-1A3956D46DE8}") = "src", "src", "{428418A6-69FF-4541-A26B-57F272F0206B}"
EndProject
Project("{FAE04EC0-301F-11D3-BF4B-00C04F79EFBC}") = "AuctionService", "src\AuctionService\AuctionService.csproj", "{21DBFCFF-CDE8-4435-9725-2C519CF4AAFE}"
EndProject
Global
	GlobalSection(SolutionConfigurationPlatforms) = preSolution
		Debug|Any CPU = Debug|Any CPU
		Release|Any CPU = Release|Any CPU
	EndGlobalSection
	GlobalSection(SolutionProperties) = preSolution
		HideSolutionNode = FALSE
	EndGlobalSection
	GlobalSection(ProjectConfigurationPlatforms) = postSolution
		{21DBFCFF-CDE8-4435-9725-2C519CF4AAFE}.Debug|Any CPU.ActiveCfg = Debug|Any CPU
		{21DBFCFF-CDE8-4435-9725-2C519CF4AAFE}.Debug|Any CPU.Build.0 = Debug|Any CPU
		{21DBFCFF-CDE8-4435-9725-2C519CF4AAFE}.Release|Any CPU.ActiveCfg = Release|Any CPU
		{21DBFCFF-CDE8-4435-9725-2C519CF4AAFE}.Release|Any CPU.Build.0 = Release|Any CPU
	EndGlobalSection
	GlobalSection(NestedProjects) = preSolution
		{21DBFCFF-CDE8-4435-9725-2C519CF4AAFE} = {428418A6-69FF-4541-A26B-57F272F0206B}
	EndGlobalSection
EndGlobal
